
Microsoft Visual Studio Solution File, Format Version 12.00
# Visual Studio Version 16
VisualStudioVersion = 16.0.30225.117
MinimumVisualStudioVersion = 10.0.40219.1
Project("{FAE04EC0-301F-11D3-BF4B-00C04F79EFBC}") = "Nigo", "Nigo\Nigo.csproj", "{056F77BB-70A9-4657-A1AF-1A603B855B58}"
EndProject
Project("{FAE04EC0-301F-11D3-BF4B-00C04F79EFBC}") = "Logger", "Logger\Logger.csproj", "{B70C2DC6-60E1-40E5-A218-7EB7B04839A6}"
EndProject
Project("{FAE04EC0-301F-11D3-BF4B-00C04F79EFBC}") = "GhjTools", "AviTester\GhjTools\GhjTools.csproj", "{805B9C98-3610-4195-A52A-A39BBB5B00CB}"
EndProject
Project("{FAE04EC0-301F-11D3-BF4B-00C04F79EFBC}") = "McBaseInfo", "AviTester\McBaseInfo\McBaseInfo.csproj", "{B299E835-A2E4-4017-BB9C-319CD416DD25}"
EndProject
Project("{FAE04EC0-301F-11D3-BF4B-00C04F79EFBC}") = "MotionDriver", "AviTester\MotionDriver\MotionDriver.csproj", "{4F10C9D4-6E0C-4E62-9E2A-EE12DD161132}"
EndProject
Project("{FAE04EC0-301F-11D3-BF4B-00C04F79EFBC}") = "NEXTAS.AVITester.Communicator", "AviTester\NEXTAS.AVITester.Communicator\NEXTAS.AVITester.Communicator.csproj", "{8C1DF113-DDC4-47BB-AEA7-0277BD106EBC}"
EndProject
Project("{FAE04EC0-301F-11D3-BF4B-00C04F79EFBC}") = "PluginDispatcher", "AviTester\PluginDispatcher\PluginDispatcher.csproj", "{9CC13D9A-07D7-496A-935F-023AA0A70D8D}"
EndProject
Project("{FAE04EC0-301F-11D3-BF4B-00C04F79EFBC}") = "PluginTester", "AviTester\PluginTester\PluginTester.csproj", "{60724255-1E7D-404F-8EE8-FC65801C5DF5}"
EndProject
Project("{FAE04EC0-301F-11D3-BF4B-00C04F79EFBC}") = "SystemConfig", "AviTester\SystemConfig\SystemConfig.csproj", "{8EA2EFAF-EF71-4BAC-A17A-8D742628FA8A}"
EndProject
Project("{FAE04EC0-301F-11D3-BF4B-00C04F79EFBC}") = "DeviceCommunication", "AviTester\DeviceCommunication\DeviceCommunication.csproj", "{5A5A435C-5F2C-4428-A1C4-A353872C60B8}"
EndProject
Project("{FAE04EC0-301F-11D3-BF4B-00C04F79EFBC}") = "ErrorCodeCollection", "AviTester\ErrorCodeCollection\ErrorCodeCollection.csproj", "{DC70B06A-2973-411C-B896-B4EA916E39DF}"
EndProject
Project("{FAE04EC0-301F-11D3-BF4B-00C04F79EFBC}") = "WpfStyleApi", "AviTester\WpfStyleApi\WpfStyleApi.csproj", "{C927FAC2-42C2-49D1-B305-D70D9383D8EF}"
EndProject
Project("{FAE04EC0-301F-11D3-BF4B-00C04F79EFBC}") = "LightController", "AviTester\LightController\LightController.csproj", "{338AA58C-2A64-4364-84ED-5783FF86C5EE}"
EndProject
Project("{FAE04EC0-301F-11D3-BF4B-00C04F79EFBC}") = "Common", "Common\Common.csproj", "{5EF29E5F-A8AC-4D22-9CAC-95218AC91DD7}"
EndProject
Project("{FAE04EC0-301F-11D3-BF4B-00C04F79EFBC}") = "NEXTAS.DBHelper", "AviTester\NEXTAS.DBHelper\NEXTAS.DBHelper.csproj", "{0627A1E2-3682-4451-A983-E9A99B7DCCAB}"
EndProject
Global
	GlobalSection(SolutionConfigurationPlatforms) = preSolution
		Debug|Any CPU = Debug|Any CPU
		Debug|x64 = Debug|x64
		Debug|x86 = Debug|x86
		Release|Any CPU = Release|Any CPU
		Release|x64 = Release|x64
		Release|x86 = Release|x86
	EndGlobalSection
	GlobalSection(ProjectConfigurationPlatforms) = postSolution
		{056F77BB-70A9-4657-A1AF-1A603B855B58}.Debug|Any CPU.ActiveCfg = Debug|Any CPU
		{056F77BB-70A9-4657-A1AF-1A603B855B58}.Debug|Any CPU.Build.0 = Debug|Any CPU
		{056F77BB-70A9-4657-A1AF-1A603B855B58}.Debug|x64.ActiveCfg = Debug|Any CPU
		{056F77BB-70A9-4657-A1AF-1A603B855B58}.Debug|x64.Build.0 = Debug|Any CPU
		{056F77BB-70A9-4657-A1AF-1A603B855B58}.Debug|x86.ActiveCfg = Debug|Any CPU
		{056F77BB-70A9-4657-A1AF-1A603B855B58}.Debug|x86.Build.0 = Debug|Any CPU
		{056F77BB-70A9-4657-A1AF-1A603B855B58}.Release|Any CPU.ActiveCfg = Release|Any CPU
		{056F77BB-70A9-4657-A1AF-1A603B855B58}.Release|Any CPU.Build.0 = Release|Any CPU
		{056F77BB-70A9-4657-A1AF-1A603B855B58}.Release|x64.ActiveCfg = Release|Any CPU
		{056F77BB-70A9-4657-A1AF-1A603B855B58}.Release|x64.Build.0 = Release|Any CPU
		{056F77BB-70A9-4657-A1AF-1A603B855B58}.Release|x86.ActiveCfg = Release|Any CPU
		{056F77BB-70A9-4657-A1AF-1A603B855B58}.Release|x86.Build.0 = Release|Any CPU
		{B70C2DC6-60E1-40E5-A218-7EB7B04839A6}.Debug|Any CPU.ActiveCfg = Debug|Any CPU
		{B70C2DC6-60E1-40E5-A218-7EB7B04839A6}.Debug|Any CPU.Build.0 = Debug|Any CPU
		{B70C2DC6-60E1-40E5-A218-7EB7B04839A6}.Debug|x64.ActiveCfg = Debug|x64
		{B70C2DC6-60E1-40E5-A218-7EB7B04839A6}.Debug|x64.Build.0 = Debug|x64
		{B70C2DC6-60E1-40E5-A218-7EB7B04839A6}.Debug|x86.ActiveCfg = Debug|x86
		{B70C2DC6-60E1-40E5-A218-7EB7B04839A6}.Debug|x86.Build.0 = Debug|x86
		{B70C2DC6-60E1-40E5-A218-7EB7B04839A6}.Release|Any CPU.ActiveCfg = Release|Any CPU
		{B70C2DC6-60E1-40E5-A218-7EB7B04839A6}.Release|Any CPU.Build.0 = Release|Any CPU
		{B70C2DC6-60E1-40E5-A218-7EB7B04839A6}.Release|x64.ActiveCfg = Release|x64
		{B70C2DC6-60E1-40E5-A218-7EB7B04839A6}.Release|x64.Build.0 = Release|x64
		{B70C2DC6-60E1-40E5-A218-7EB7B04839A6}.Release|x86.ActiveCfg = Release|x86
		{B70C2DC6-60E1-40E5-A218-7EB7B04839A6}.Release|x86.Build.0 = Release|x86
		{805B9C98-3610-4195-A52A-A39BBB5B00CB}.Debug|Any CPU.ActiveCfg = Debug|Any CPU
		{805B9C98-3610-4195-A52A-A39BBB5B00CB}.Debug|Any CPU.Build.0 = Debug|Any CPU
		{805B9C98-3610-4195-A52A-A39BBB5B00CB}.Debug|x64.ActiveCfg = Debug|x64
		{805B9C98-3610-4195-A52A-A39BBB5B00CB}.Debug|x64.Build.0 = Debug|x64
		{805B9C98-3610-4195-A52A-A39BBB5B00CB}.Debug|x86.ActiveCfg = Debug|Any CPU
		{805B9C98-3610-4195-A52A-A39BBB5B00CB}.Debug|x86.Build.0 = Debug|Any CPU
		{805B9C98-3610-4195-A52A-A39BBB5B00CB}.Release|Any CPU.ActiveCfg = Release|Any CPU
		{805B9C98-3610-4195-A52A-A39BBB5B00CB}.Release|Any CPU.Build.0 = Release|Any CPU
		{805B9C98-3610-4195-A52A-A39BBB5B00CB}.Release|x64.ActiveCfg = Release|x64
		{805B9C98-3610-4195-A52A-A39BBB5B00CB}.Release|x64.Build.0 = Release|x64
		{805B9C98-3610-4195-A52A-A39BBB5B00CB}.Release|x86.ActiveCfg = Release|Any CPU
		{805B9C98-3610-4195-A52A-A39BBB5B00CB}.Release|x86.Build.0 = Release|Any CPU
		{B299E835-A2E4-4017-BB9C-319CD416DD25}.Debug|Any CPU.ActiveCfg = Debug|Any CPU
		{B299E835-A2E4-4017-BB9C-319CD416DD25}.Debug|Any CPU.Build.0 = Debug|Any CPU
		{B299E835-A2E4-4017-BB9C-319CD416DD25}.Debug|x64.ActiveCfg = Debug|x64
		{B299E835-A2E4-4017-BB9C-319CD416DD25}.Debug|x64.Build.0 = Debug|x64
		{B299E835-A2E4-4017-BB9C-319CD416DD25}.Debug|x86.ActiveCfg = Debug|x86
		{B299E835-A2E4-4017-BB9C-319CD416DD25}.Debug|x86.Build.0 = Debug|x86
		{B299E835-A2E4-4017-BB9C-319CD416DD25}.Release|Any CPU.ActiveCfg = Release|Any CPU
		{B299E835-A2E4-4017-BB9C-319CD416DD25}.Release|Any CPU.Build.0 = Release|Any CPU
		{B299E835-A2E4-4017-BB9C-319CD416DD25}.Release|x64.ActiveCfg = Release|x64
		{B299E835-A2E4-4017-BB9C-319CD416DD25}.Release|x64.Build.0 = Release|x64
		{B299E835-A2E4-4017-BB9C-319CD416DD25}.Release|x86.ActiveCfg = Release|x86
		{B299E835-A2E4-4017-BB9C-319CD416DD25}.Release|x86.Build.0 = Release|x86
		{4F10C9D4-6E0C-4E62-9E2A-EE12DD161132}.Debug|Any CPU.ActiveCfg = Debug|Any CPU
		{4F10C9D4-6E0C-4E62-9E2A-EE12DD161132}.Debug|Any CPU.Build.0 = Debug|Any CPU
		{4F10C9D4-6E0C-4E62-9E2A-EE12DD161132}.Debug|x64.ActiveCfg = Debug|x64
		{4F10C9D4-6E0C-4E62-9E2A-EE12DD161132}.Debug|x64.Build.0 = Debug|x64
		{4F10C9D4-6E0C-4E62-9E2A-EE12DD161132}.Debug|x86.ActiveCfg = Debug|x86
		{4F10C9D4-6E0C-4E62-9E2A-EE12DD161132}.Debug|x86.Build.0 = Debug|x86
		{4F10C9D4-6E0C-4E62-9E2A-EE12DD161132}.Release|Any CPU.ActiveCfg = Release|Any CPU
		{4F10C9D4-6E0C-4E62-9E2A-EE12DD161132}.Release|Any CPU.Build.0 = Release|Any CPU
		{4F10C9D4-6E0C-4E62-9E2A-EE12DD161132}.Release|x64.ActiveCfg = Release|x64
		{4F10C9D4-6E0C-4E62-9E2A-EE12DD161132}.Release|x64.Build.0 = Release|x64
		{4F10C9D4-6E0C-4E62-9E2A-EE12DD161132}.Release|x86.ActiveCfg = Release|x86
		{4F10C9D4-6E0C-4E62-9E2A-EE12DD161132}.Release|x86.Build.0 = Release|x86
		{8C1DF113-DDC4-47BB-AEA7-0277BD106EBC}.Debug|Any CPU.ActiveCfg = Debug|Any CPU
		{8C1DF113-DDC4-47BB-AEA7-0277BD106EBC}.Debug|Any CPU.Build.0 = Debug|Any CPU
		{8C1DF113-DDC4-47BB-AEA7-0277BD106EBC}.Debug|x64.ActiveCfg = Debug|Any CPU
		{8C1DF113-DDC4-47BB-AEA7-0277BD106EBC}.Debug|x64.Build.0 = Debug|Any CPU
		{8C1DF113-DDC4-47BB-AEA7-0277BD106EBC}.Debug|x86.ActiveCfg = Debug|Any CPU
		{8C1DF113-DDC4-47BB-AEA7-0277BD106EBC}.Debug|x86.Build.0 = Debug|Any CPU
		{8C1DF113-DDC4-47BB-AEA7-0277BD106EBC}.Release|Any CPU.ActiveCfg = Release|Any CPU
		{8C1DF113-DDC4-47BB-AEA7-0277BD106EBC}.Release|Any CPU.Build.0 = Release|Any CPU
		{8C1DF113-DDC4-47BB-AEA7-0277BD106EBC}.Release|x64.ActiveCfg = Release|Any CPU
		{8C1DF113-DDC4-47BB-AEA7-0277BD106EBC}.Release|x64.Build.0 = Release|Any CPU
		{8C1DF113-DDC4-47BB-AEA7-0277BD106EBC}.Release|x86.ActiveCfg = Release|Any CPU
		{8C1DF113-DDC4-47BB-AEA7-0277BD106EBC}.Release|x86.Build.0 = Release|Any CPU
		{9CC13D9A-07D7-496A-935F-023AA0A70D8D}.Debug|Any CPU.ActiveCfg = Debug|Any CPU
		{9CC13D9A-07D7-496A-935F-023AA0A70D8D}.Debug|Any CPU.Build.0 = Debug|Any CPU
		{9CC13D9A-07D7-496A-935F-023AA0A70D8D}.Debug|x64.ActiveCfg = Debug|Any CPU
		{9CC13D9A-07D7-496A-935F-023AA0A70D8D}.Debug|x64.Build.0 = Debug|Any CPU
		{9CC13D9A-07D7-496A-935F-023AA0A70D8D}.Debug|x86.ActiveCfg = Debug|Any CPU
		{9CC13D9A-07D7-496A-935F-023AA0A70D8D}.Debug|x86.Build.0 = Debug|Any CPU
		{9CC13D9A-07D7-496A-935F-023AA0A70D8D}.Release|Any CPU.ActiveCfg = Release|Any CPU
		{9CC13D9A-07D7-496A-935F-023AA0A70D8D}.Release|Any CPU.Build.0 = Release|Any CPU
		{9CC13D9A-07D7-496A-935F-023AA0A70D8D}.Release|x64.ActiveCfg = Release|Any CPU
		{9CC13D9A-07D7-496A-935F-023AA0A70D8D}.Release|x64.Build.0 = Release|Any CPU
		{9CC13D9A-07D7-496A-935F-023AA0A70D8D}.Release|x86.ActiveCfg = Release|Any CPU
		{9CC13D9A-07D7-496A-935F-023AA0A70D8D}.Release|x86.Build.0 = Release|Any CPU
		{60724255-1E7D-404F-8EE8-FC65801C5DF5}.Debug|Any CPU.ActiveCfg = Debug|Any CPU
		{60724255-1E7D-404F-8EE8-FC65801C5DF5}.Debug|Any CPU.Build.0 = Debug|Any CPU
		{60724255-1E7D-404F-8EE8-FC65801C5DF5}.Debug|x64.ActiveCfg = Debug|Any CPU
		{60724255-1E7D-404F-8EE8-FC65801C5DF5}.Debug|x64.Build.0 = Debug|Any CPU
		{60724255-1E7D-404F-8EE8-FC65801C5DF5}.Debug|x86.ActiveCfg = Debug|Any CPU
		{60724255-1E7D-404F-8EE8-FC65801C5DF5}.Debug|x86.Build.0 = Debug|Any CPU
		{60724255-1E7D-404F-8EE8-FC65801C5DF5}.Release|Any CPU.ActiveCfg = Release|Any CPU
		{60724255-1E7D-404F-8EE8-FC65801C5DF5}.Release|Any CPU.Build.0 = Release|Any CPU
		{60724255-1E7D-404F-8EE8-FC65801C5DF5}.Release|x64.ActiveCfg = Release|Any CPU
		{60724255-1E7D-404F-8EE8-FC65801C5DF5}.Release|x64.Build.0 = Release|Any CPU
		{60724255-1E7D-404F-8EE8-FC65801C5DF5}.Release|x86.ActiveCfg = Release|Any CPU
		{60724255-1E7D-404F-8EE8-FC65801C5DF5}.Release|x86.Build.0 = Release|Any CPU
		{8EA2EFAF-EF71-4BAC-A17A-8D742628FA8A}.Debug|Any CPU.ActiveCfg = Debug|Any CPU
		{8EA2EFAF-EF71-4BAC-A17A-8D742628FA8A}.Debug|Any CPU.Build.0 = Debug|Any CPU
		{8EA2EFAF-EF71-4BAC-A17A-8D742628FA8A}.Debug|x64.ActiveCfg = Debug|Any CPU
		{8EA2EFAF-EF71-4BAC-A17A-8D742628FA8A}.Debug|x64.Build.0 = Debug|Any CPU
		{8EA2EFAF-EF71-4BAC-A17A-8D742628FA8A}.Debug|x86.ActiveCfg = Debug|Any CPU
		{8EA2EFAF-EF71-4BAC-A17A-8D742628FA8A}.Debug|x86.Build.0 = Debug|Any CPU
		{8EA2EFAF-EF71-4BAC-A17A-8D742628FA8A}.Release|Any CPU.ActiveCfg = Release|Any CPU
		{8EA2EFAF-EF71-4BAC-A17A-8D742628FA8A}.Release|Any CPU.Build.0 = Release|Any CPU
		{8EA2EFAF-EF71-4BAC-A17A-8D742628FA8A}.Release|x64.ActiveCfg = Release|Any CPU
		{8EA2EFAF-EF71-4BAC-A17A-8D742628FA8A}.Release|x64.Build.0 = Release|Any CPU
		{8EA2EFAF-EF71-4BAC-A17A-8D742628FA8A}.Release|x86.ActiveCfg = Release|Any CPU
		{8EA2EFAF-EF71-4BAC-A17A-8D742628FA8A}.Release|x86.Build.0 = Release|Any CPU
		{5A5A435C-5F2C-4428-A1C4-A353872C60B8}.Debug|Any CPU.ActiveCfg = Debug|Any CPU
		{5A5A435C-5F2C-4428-A1C4-A353872C60B8}.Debug|Any CPU.Build.0 = Debug|Any CPU
		{5A5A435C-5F2C-4428-A1C4-A353872C60B8}.Debug|x64.ActiveCfg = Debug|x64
		{5A5A435C-5F2C-4428-A1C4-A353872C60B8}.Debug|x64.Build.0 = Debug|x64
		{5A5A435C-5F2C-4428-A1C4-A353872C60B8}.Debug|x86.ActiveCfg = Debug|Any CPU
		{5A5A435C-5F2C-4428-A1C4-A353872C60B8}.Debug|x86.Build.0 = Debug|Any CPU
		{5A5A435C-5F2C-4428-A1C4-A353872C60B8}.Release|Any CPU.ActiveCfg = Release|Any CPU
		{5A5A435C-5F2C-4428-A1C4-A353872C60B8}.Release|Any CPU.Build.0 = Release|Any CPU
		{5A5A435C-5F2C-4428-A1C4-A353872C60B8}.Release|x64.ActiveCfg = Release|x64
		{5A5A435C-5F2C-4428-A1C4-A353872C60B8}.Release|x64.Build.0 = Release|x64
		{5A5A435C-5F2C-4428-A1C4-A353872C60B8}.Release|x86.ActiveCfg = Release|Any CPU
		{5A5A435C-5F2C-4428-A1C4-A353872C60B8}.Release|x86.Build.0 = Release|Any CPU
		{DC70B06A-2973-411C-B896-B4EA916E39DF}.Debug|Any CPU.ActiveCfg = Debug|Any CPU
		{DC70B06A-2973-411C-B896-B4EA916E39DF}.Debug|Any CPU.Build.0 = Debug|Any CPU
		{DC70B06A-2973-411C-B896-B4EA916E39DF}.Debug|x64.ActiveCfg = Debug|x64
		{DC70B06A-2973-411C-B896-B4EA916E39DF}.Debug|x64.Build.0 = Debug|x64
		{DC70B06A-2973-411C-B896-B4EA916E39DF}.Debug|x86.ActiveCfg = Debug|x86
		{DC70B06A-2973-411C-B896-B4EA916E39DF}.Debug|x86.Build.0 = Debug|x86
		{DC70B06A-2973-411C-B896-B4EA916E39DF}.Release|Any CPU.ActiveCfg = Release|Any CPU
		{DC70B06A-2973-411C-B896-B4EA916E39DF}.Release|Any CPU.Build.0 = Release|Any CPU
		{DC70B06A-2973-411C-B896-B4EA916E39DF}.Release|x64.ActiveCfg = Release|x64
		{DC70B06A-2973-411C-B896-B4EA916E39DF}.Release|x64.Build.0 = Release|x64
		{DC70B06A-2973-411C-B896-B4EA916E39DF}.Release|x86.ActiveCfg = Release|x86
		{DC70B06A-2973-411C-B896-B4EA916E39DF}.Release|x86.Build.0 = Release|x86
		{C927FAC2-42C2-49D1-B305-D70D9383D8EF}.Debug|Any CPU.ActiveCfg = Debug|Any CPU
		{C927FAC2-42C2-49D1-B305-D70D9383D8EF}.Debug|Any CPU.Build.0 = Debug|Any CPU
		{C927FAC2-42C2-49D1-B305-D70D9383D8EF}.Debug|x64.ActiveCfg = Debug|x64
		{C927FAC2-42C2-49D1-B305-D70D9383D8EF}.Debug|x64.Build.0 = Debug|x64
		{C927FAC2-42C2-49D1-B305-D70D9383D8EF}.Debug|x86.ActiveCfg = Debug|Any CPU
		{C927FAC2-42C2-49D1-B305-D70D9383D8EF}.Debug|x86.Build.0 = Debug|Any CPU
		{C927FAC2-42C2-49D1-B305-D70D9383D8EF}.Release|Any CPU.ActiveCfg = Release|Any CPU
		{C927FAC2-42C2-49D1-B305-D70D9383D8EF}.Release|Any CPU.Build.0 = Release|Any CPU
		{C927FAC2-42C2-49D1-B305-D70D9383D8EF}.Release|x64.ActiveCfg = Release|x64
		{C927FAC2-42C2-49D1-B305-D70D9383D8EF}.Release|x64.Build.0 = Release|x64
		{C927FAC2-42C2-49D1-B305-D70D9383D8EF}.Release|x86.ActiveCfg = Release|Any CPU
		{C927FAC2-42C2-49D1-B305-D70D9383D8EF}.Release|x86.Build.0 = Release|Any CPU
		{338AA58C-2A64-4364-84ED-5783FF86C5EE}.Debug|Any CPU.ActiveCfg = Debug|Any CPU
		{338AA58C-2A64-4364-84ED-5783FF86C5EE}.Debug|Any CPU.Build.0 = Debug|Any CPU
		{338AA58C-2A64-4364-84ED-5783FF86C5EE}.Debug|x64.ActiveCfg = Debug|Any CPU
		{338AA58C-2A64-4364-84ED-5783FF86C5EE}.Debug|x64.Build.0 = Debug|Any CPU
		{338AA58C-2A64-4364-84ED-5783FF86C5EE}.Debug|x86.ActiveCfg = Debug|Any CPU
		{338AA58C-2A64-4364-84ED-5783FF86C5EE}.Debug|x86.Build.0 = Debug|Any CPU
		{338AA58C-2A64-4364-84ED-5783FF86C5EE}.Release|Any CPU.ActiveCfg = Release|Any CPU
		{338AA58C-2A64-4364-84ED-5783FF86C5EE}.Release|Any CPU.Build.0 = Release|Any CPU
		{338AA58C-2A64-4364-84ED-5783FF86C5EE}.Release|x64.ActiveCfg = Release|Any CPU
		{338AA58C-2A64-4364-84ED-5783FF86C5EE}.Release|x64.Build.0 = Release|Any CPU
		{338AA58C-2A64-4364-84ED-5783FF86C5EE}.Release|x86.ActiveCfg = Release|Any CPU
		{338AA58C-2A64-4364-84ED-5783FF86C5EE}.Release|x86.Build.0 = Release|Any CPU
		{5EF29E5F-A8AC-4D22-9CAC-95218AC91DD7}.Debug|Any CPU.ActiveCfg = Debug|Any CPU
		{5EF29E5F-A8AC-4D22-9CAC-95218AC91DD7}.Debug|Any CPU.Build.0 = Debug|Any CPU
		{5EF29E5F-A8AC-4D22-9CAC-95218AC91DD7}.Debug|x64.ActiveCfg = Debug|Any CPU
		{5EF29E5F-A8AC-4D22-9CAC-95218AC91DD7}.Debug|x64.Build.0 = Debug|Any CPU
		{5EF29E5F-A8AC-4D22-9CAC-95218AC91DD7}.Debug|x86.ActiveCfg = Debug|Any CPU
		{5EF29E5F-A8AC-4D22-9CAC-95218AC91DD7}.Debug|x86.Build.0 = Debug|Any CPU
		{5EF29E5F-A8AC-4D22-9CAC-95218AC91DD7}.Release|Any CPU.ActiveCfg = Release|Any CPU
		{5EF29E5F-A8AC-4D22-9CAC-95218AC91DD7}.Release|Any CPU.Build.0 = Release|Any CPU
		{5EF29E5F-A8AC-4D22-9CAC-95218AC91DD7}.Release|x64.ActiveCfg = Release|Any CPU
		{5EF29E5F-A8AC-4D22-9CAC-95218AC91DD7}.Release|x64.Build.0 = Release|Any CPU
		{5EF29E5F-A8AC-4D22-9CAC-95218AC91DD7}.Release|x86.ActiveCfg = Release|Any CPU
		{5EF29E5F-A8AC-4D22-9CAC-95218AC91DD7}.Release|x86.Build.0 = Release|Any CPU
		{0627A1E2-3682-4451-A983-E9A99B7DCCAB}.Debug|Any CPU.ActiveCfg = Debug|Any CPU
		{0627A1E2-3682-4451-A983-E9A99B7DCCAB}.Debug|Any CPU.Build.0 = Debug|Any CPU
		{0627A1E2-3682-4451-A983-E9A99B7DCCAB}.Debug|x64.ActiveCfg = Debug|Any CPU
		{0627A1E2-3682-4451-A983-E9A99B7DCCAB}.Debug|x64.Build.0 = Debug|Any CPU
		{0627A1E2-3682-4451-A983-E9A99B7DCCAB}.Debug|x86.ActiveCfg = Debug|Any CPU
		{0627A1E2-3682-4451-A983-E9A99B7DCCAB}.Debug|x86.Build.0 = Debug|Any CPU
		{0627A1E2-3682-4451-A983-E9A99B7DCCAB}.Release|Any CPU.ActiveCfg = Release|Any CPU
		{0627A1E2-3682-4451-A983-E9A99B7DCCAB}.Release|Any CPU.Build.0 = Release|Any CPU
		{0627A1E2-3682-4451-A983-E9A99B7DCCAB}.Release|x64.ActiveCfg = Release|Any CPU
		{0627A1E2-3682-4451-A983-E9A99B7DCCAB}.Release|x64.Build.0 = Release|Any CPU
		{0627A1E2-3682-4451-A983-E9A99B7DCCAB}.Release|x86.ActiveCfg = Release|Any CPU
		{0627A1E2-3682-4451-A983-E9A99B7DCCAB}.Release|x86.Build.0 = Release|Any CPU
	EndGlobalSection
	GlobalSection(SolutionProperties) = preSolution
		HideSolutionNode = FALSE
	EndGlobalSection
	GlobalSection(ExtensibilityGlobals) = postSolution
		SolutionGuid = {C8E7131A-7B64-4EC5-93BD-68F059EBFA78}
	EndGlobalSection
EndGlobal
